
Microsoft Visual Studio Solution File, Format Version 12.00
# Visual Studio Version 16
VisualStudioVersion = 16.0.30621.155
MinimumVisualStudioVersion = 10.0.40219.1
Project("{8BC9CEB8-8B4A-11D0-8D11-00A0C91BC942}") = "Massequali", "Massequali\Massequali.vcxproj", "{4819752E-A4FA-4977-86E4-82C7BAC43757}"
EndProject
Global
	GlobalSection(SolutionConfigurationPlatforms) = preSolution
		Debug|x64 = Debug|x64
		Debug|x86 = Debug|x86
		Release|x64 = Release|x64
		Release|x86 = Release|x86
	EndGlobalSection
	GlobalSection(ProjectConfigurationPlatforms) = postSolution
		{4819752E-A4FA-4977-86E4-82C7BAC43757}.Debug|x64.ActiveCfg = Debug|x64
		{4819752E-A4FA-4977-86E4-82C7BAC43757}.Debug|x64.Build.0 = Debug|x64
		{4819752E-A4FA-4977-86E4-82C7BAC43757}.Debug|x86.ActiveCfg = Debug|Win32
		{4819752E-A4FA-4977-86E4-82C7BAC43757}.Debug|x86.Build.0 = Debug|Win32
		{4819752E-A4FA-4977-86E4-82C7BAC43757}.Release|x64.ActiveCfg = Release|x64
		{4819752E-A4FA-4977-86E4-82C7BAC43757}.Release|x64.Build.0 = Release|x64
		{4819752E-A4FA-4977-86E4-82C7BAC43757}.Release|x86.ActiveCfg = Release|Win32
		{4819752E-A4FA-4977-86E4-82C7BAC43757}.Release|x86.Build.0 = Release|Win32
	EndGlobalSection
	GlobalSection(SolutionProperties) = preSolution
		HideSolutionNode = FALSE
	EndGlobalSection
	GlobalSection(ExtensibilityGlobals) = postSolution
		SolutionGuid = {F4DAC75B-10FD-447B-911A-D47FD83BD800}
	EndGlobalSection
EndGlobal
